// !$*UTF8*$!
{
	archiveVersion = 1;
	classes = {
	};
	objectVersion = 46;
	objects = {

/* Begin PBXBuildFile section */
		109D00771EC2EF77004E64CD /* IDPEnterpriseTest.m in Sources */ = {isa = PBXBuildFile; fileRef = B0824E931EC22DB600C06AF1 /* IDPEnterpriseTest.m */; };
		109D00781EC2EF86004E64CD /* NSObject+IDPExtensions.m in Sources */ = {isa = PBXBuildFile; fileRef = B0824EB01EC22DB600C06AF1 /* NSObject+IDPExtensions.m */; };
		109D00791EC2F003004E64CD /* IDPCar.m in Sources */ = {isa = PBXBuildFile; fileRef = B0824E7F1EC22DB600C06AF1 /* IDPCar.m */; };
		109D007A1EC2F007004E64CD /* IDPEnterprise.m in Sources */ = {isa = PBXBuildFile; fileRef = B0824E901EC22DB600C06AF1 /* IDPEnterprise.m */; };
		109D007B1EC2F013004E64CD /* IDPAdministration.m in Sources */ = {isa = PBXBuildFile; fileRef = B0824E751EC22DB600C06AF1 /* IDPAdministration.m */; };
		109D007C1EC2F016004E64CD /* IDPBuilding.m in Sources */ = {isa = PBXBuildFile; fileRef = B0824E781EC22DB600C06AF1 /* IDPBuilding.m */; };
		109D007D1EC2F01A004E64CD /* IDPCarwash.m in Sources */ = {isa = PBXBuildFile; fileRef = B0824E7B1EC22DB600C06AF1 /* IDPCarwash.m */; };
		109D007E1EC2F024004E64CD /* IDPAccountant.m in Sources */ = {isa = PBXBuildFile; fileRef = B0824E831EC22DB600C06AF1 /* IDPAccountant.m */; };
		109D007F1EC2F027004E64CD /* IDPDirector.m in Sources */ = {isa = PBXBuildFile; fileRef = B0824E861EC22DB600C06AF1 /* IDPDirector.m */; };
		109D00801EC2F02A004E64CD /* IDPEmployee.m in Sources */ = {isa = PBXBuildFile; fileRef = B0824E891EC22DB600C06AF1 /* IDPEmployee.m */; };
		109D00811EC2F02E004E64CD /* IDPWasher.m in Sources */ = {isa = PBXBuildFile; fileRef = B0824E8C1EC22DB600C06AF1 /* IDPWasher.m */; };
		109D00821EC2F037004E64CD /* IDPCarwashRoom.m in Sources */ = {isa = PBXBuildFile; fileRef = B0824E971EC22DB600C06AF1 /* IDPCarwashRoom.m */; };
		109D00831EC2F03A004E64CD /* IDPRoom.m in Sources */ = {isa = PBXBuildFile; fileRef = B0824E9A1EC22DB600C06AF1 /* IDPRoom.m */; };
		109D00841EC2F041004E64CD /* IDPCreature.m in Sources */ = {isa = PBXBuildFile; fileRef = B0824E9D1EC22DB600C06AF1 /* IDPCreature.m */; };
		109D00851EC2F043004E64CD /* IDPCreatureTest.m in Sources */ = {isa = PBXBuildFile; fileRef = B0824E9F1EC22DB600C06AF1 /* IDPCreatureTest.m */; };
		109D00861EC2F049004E64CD /* IDPCreature2.m in Sources */ = {isa = PBXBuildFile; fileRef = B0824EA21EC22DB600C06AF1 /* IDPCreature2.m */; };
		109D00871EC2F04C004E64CD /* IDPCreature2Test.m in Sources */ = {isa = PBXBuildFile; fileRef = B0824EA41EC22DB600C06AF1 /* IDPCreature2Test.m */; };
		109D00881EC2F04E004E64CD /* IDPCreatureFemale.m in Sources */ = {isa = PBXBuildFile; fileRef = B0824EA61EC22DB600C06AF1 /* IDPCreatureFemale.m */; };
		109D00891EC2F050004E64CD /* IDPCreatureMale.m in Sources */ = {isa = PBXBuildFile; fileRef = B0824EA81EC22DB600C06AF1 /* IDPCreatureMale.m */; };
		109D008B1EC31354004E64CD /* NSArray+IDPExtensions.m in Sources */ = {isa = PBXBuildFile; fileRef = B0824EAD1EC22DB600C06AF1 /* NSArray+IDPExtensions.m */; };
		109D008C1EC3135B004E64CD /* NSString+IDPAlphabet.m in Sources */ = {isa = PBXBuildFile; fileRef = B0824EB31EC22DB600C06AF1 /* NSString+IDPAlphabet.m */; };
		109D008D1EC3135F004E64CD /* NSString+IDPRandomString.m in Sources */ = {isa = PBXBuildFile; fileRef = B0824EB61EC22DB600C06AF1 /* NSString+IDPRandomString.m */; };
		10A54D841EB9C70D003F2BFD /* main.m in Sources */ = {isa = PBXBuildFile; fileRef = 10A54D831EB9C70D003F2BFD /* main.m */; };
		B0824EBF1EC22E1500C06AF1 /* IDPObservableObject.m in Sources */ = {isa = PBXBuildFile; fileRef = B0824EBE1EC22E1500C06AF1 /* IDPObservableObject.m */; };
/* End PBXBuildFile section */

/* Begin PBXCopyFilesBuildPhase section */
		10A54D7E1EB9C70D003F2BFD /* CopyFiles */ = {
			isa = PBXCopyFilesBuildPhase;
			buildActionMask = 2147483647;
			dstPath = /usr/share/man/man1/;
			dstSubfolderSpec = 0;
			files = (
			);
			runOnlyForDeploymentPostprocessing = 1;
		};
/* End PBXCopyFilesBuildPhase section */

/* Begin PBXFileReference section */
		109D008A1EC2FB49004E64CD /* IDPObserver.h */ = {isa = PBXFileReference; fileEncoding = 4; lastKnownFileType = sourcecode.c.h; path = IDPObserver.h; sourceTree = "<group>"; };
		10A54D801EB9C70D003F2BFD /* TestObjC */ = {isa = PBXFileReference; explicitFileType = "compiled.mach-o.executable"; includeInIndex = 0; path = TestObjC; sourceTree = BUILT_PRODUCTS_DIR; };
		10A54D831EB9C70D003F2BFD /* main.m */ = {isa = PBXFileReference; lastKnownFileType = sourcecode.c.objc; path = main.m; sourceTree = "<group>"; };
		B0824E741EC22DB600C06AF1 /* IDPAdministration.h */ = {isa = PBXFileReference; lastKnownFileType = sourcecode.c.h; path = IDPAdministration.h; sourceTree = "<group>"; };
		B0824E751EC22DB600C06AF1 /* IDPAdministration.m */ = {isa = PBXFileReference; lastKnownFileType = sourcecode.c.objc; path = IDPAdministration.m; sourceTree = "<group>"; };
		B0824E771EC22DB600C06AF1 /* IDPBuilding.h */ = {isa = PBXFileReference; lastKnownFileType = sourcecode.c.h; path = IDPBuilding.h; sourceTree = "<group>"; };
		B0824E781EC22DB600C06AF1 /* IDPBuilding.m */ = {isa = PBXFileReference; lastKnownFileType = sourcecode.c.objc; path = IDPBuilding.m; sourceTree = "<group>"; };
		B0824E7A1EC22DB600C06AF1 /* IDPCarwash.h */ = {isa = PBXFileReference; lastKnownFileType = sourcecode.c.h; path = IDPCarwash.h; sourceTree = "<group>"; };
		B0824E7B1EC22DB600C06AF1 /* IDPCarwash.m */ = {isa = PBXFileReference; lastKnownFileType = sourcecode.c.objc; path = IDPCarwash.m; sourceTree = "<group>"; };
		B0824E7E1EC22DB600C06AF1 /* IDPCar.h */ = {isa = PBXFileReference; lastKnownFileType = sourcecode.c.h; path = IDPCar.h; sourceTree = "<group>"; };
		B0824E7F1EC22DB600C06AF1 /* IDPCar.m */ = {isa = PBXFileReference; lastKnownFileType = sourcecode.c.objc; path = IDPCar.m; sourceTree = "<group>"; };
		B0824E821EC22DB600C06AF1 /* IDPAccountant.h */ = {isa = PBXFileReference; lastKnownFileType = sourcecode.c.h; path = IDPAccountant.h; sourceTree = "<group>"; };
		B0824E831EC22DB600C06AF1 /* IDPAccountant.m */ = {isa = PBXFileReference; lastKnownFileType = sourcecode.c.objc; path = IDPAccountant.m; sourceTree = "<group>"; };
		B0824E851EC22DB600C06AF1 /* IDPDirector.h */ = {isa = PBXFileReference; lastKnownFileType = sourcecode.c.h; path = IDPDirector.h; sourceTree = "<group>"; };
		B0824E861EC22DB600C06AF1 /* IDPDirector.m */ = {isa = PBXFileReference; lastKnownFileType = sourcecode.c.objc; path = IDPDirector.m; sourceTree = "<group>"; };
		B0824E881EC22DB600C06AF1 /* IDPEmployee.h */ = {isa = PBXFileReference; lastKnownFileType = sourcecode.c.h; path = IDPEmployee.h; sourceTree = "<group>"; };
		B0824E891EC22DB600C06AF1 /* IDPEmployee.m */ = {isa = PBXFileReference; lastKnownFileType = sourcecode.c.objc; path = IDPEmployee.m; sourceTree = "<group>"; };
		B0824E8B1EC22DB600C06AF1 /* IDPWasher.h */ = {isa = PBXFileReference; lastKnownFileType = sourcecode.c.h; path = IDPWasher.h; sourceTree = "<group>"; };
		B0824E8C1EC22DB600C06AF1 /* IDPWasher.m */ = {isa = PBXFileReference; lastKnownFileType = sourcecode.c.objc; path = IDPWasher.m; sourceTree = "<group>"; };
		B0824E8F1EC22DB600C06AF1 /* IDPEnterprise.h */ = {isa = PBXFileReference; lastKnownFileType = sourcecode.c.h; path = IDPEnterprise.h; sourceTree = "<group>"; };
		B0824E901EC22DB600C06AF1 /* IDPEnterprise.m */ = {isa = PBXFileReference; lastKnownFileType = sourcecode.c.objc; path = IDPEnterprise.m; sourceTree = "<group>"; };
		B0824E921EC22DB600C06AF1 /* IDPEnterpriseTest.h */ = {isa = PBXFileReference; lastKnownFileType = sourcecode.c.h; path = IDPEnterpriseTest.h; sourceTree = "<group>"; };
		B0824E931EC22DB600C06AF1 /* IDPEnterpriseTest.m */ = {isa = PBXFileReference; lastKnownFileType = sourcecode.c.objc; path = IDPEnterpriseTest.m; sourceTree = "<group>"; };
		B0824E961EC22DB600C06AF1 /* IDPCarwashRoom.h */ = {isa = PBXFileReference; lastKnownFileType = sourcecode.c.h; path = IDPCarwashRoom.h; sourceTree = "<group>"; };
		B0824E971EC22DB600C06AF1 /* IDPCarwashRoom.m */ = {isa = PBXFileReference; lastKnownFileType = sourcecode.c.objc; path = IDPCarwashRoom.m; sourceTree = "<group>"; };
		B0824E991EC22DB600C06AF1 /* IDPRoom.h */ = {isa = PBXFileReference; lastKnownFileType = sourcecode.c.h; path = IDPRoom.h; sourceTree = "<group>"; };
		B0824E9A1EC22DB600C06AF1 /* IDPRoom.m */ = {isa = PBXFileReference; lastKnownFileType = sourcecode.c.objc; path = IDPRoom.m; sourceTree = "<group>"; };
		B0824E9C1EC22DB600C06AF1 /* IDPCreature.h */ = {isa = PBXFileReference; lastKnownFileType = sourcecode.c.h; path = IDPCreature.h; sourceTree = "<group>"; };
		B0824E9D1EC22DB600C06AF1 /* IDPCreature.m */ = {isa = PBXFileReference; lastKnownFileType = sourcecode.c.objc; path = IDPCreature.m; sourceTree = "<group>"; };
		B0824E9E1EC22DB600C06AF1 /* IDPCreatureTest.h */ = {isa = PBXFileReference; lastKnownFileType = sourcecode.c.h; path = IDPCreatureTest.h; sourceTree = "<group>"; };
		B0824E9F1EC22DB600C06AF1 /* IDPCreatureTest.m */ = {isa = PBXFileReference; lastKnownFileType = sourcecode.c.objc; path = IDPCreatureTest.m; sourceTree = "<group>"; };
		B0824EA11EC22DB600C06AF1 /* IDPCreature2.h */ = {isa = PBXFileReference; lastKnownFileType = sourcecode.c.h; path = IDPCreature2.h; sourceTree = "<group>"; };
		B0824EA21EC22DB600C06AF1 /* IDPCreature2.m */ = {isa = PBXFileReference; lastKnownFileType = sourcecode.c.objc; path = IDPCreature2.m; sourceTree = "<group>"; };
		B0824EA31EC22DB600C06AF1 /* IDPCreature2Test.h */ = {isa = PBXFileReference; lastKnownFileType = sourcecode.c.h; path = IDPCreature2Test.h; sourceTree = "<group>"; };
		B0824EA41EC22DB600C06AF1 /* IDPCreature2Test.m */ = {isa = PBXFileReference; lastKnownFileType = sourcecode.c.objc; path = IDPCreature2Test.m; sourceTree = "<group>"; };
		B0824EA51EC22DB600C06AF1 /* IDPCreatureFemale.h */ = {isa = PBXFileReference; lastKnownFileType = sourcecode.c.h; path = IDPCreatureFemale.h; sourceTree = "<group>"; };
		B0824EA61EC22DB600C06AF1 /* IDPCreatureFemale.m */ = {isa = PBXFileReference; lastKnownFileType = sourcecode.c.objc; path = IDPCreatureFemale.m; sourceTree = "<group>"; };
		B0824EA71EC22DB600C06AF1 /* IDPCreatureMale.h */ = {isa = PBXFileReference; lastKnownFileType = sourcecode.c.h; path = IDPCreatureMale.h; sourceTree = "<group>"; };
		B0824EA81EC22DB600C06AF1 /* IDPCreatureMale.m */ = {isa = PBXFileReference; lastKnownFileType = sourcecode.c.objc; path = IDPCreatureMale.m; sourceTree = "<group>"; };
		B0824EAC1EC22DB600C06AF1 /* NSArray+IDPExtensions.h */ = {isa = PBXFileReference; lastKnownFileType = sourcecode.c.h; path = "NSArray+IDPExtensions.h"; sourceTree = "<group>"; };
		B0824EAD1EC22DB600C06AF1 /* NSArray+IDPExtensions.m */ = {isa = PBXFileReference; lastKnownFileType = sourcecode.c.objc; path = "NSArray+IDPExtensions.m"; sourceTree = "<group>"; };
		B0824EAF1EC22DB600C06AF1 /* NSObject+IDPExtensions.h */ = {isa = PBXFileReference; lastKnownFileType = sourcecode.c.h; path = "NSObject+IDPExtensions.h"; sourceTree = "<group>"; };
		B0824EB01EC22DB600C06AF1 /* NSObject+IDPExtensions.m */ = {isa = PBXFileReference; lastKnownFileType = sourcecode.c.objc; path = "NSObject+IDPExtensions.m"; sourceTree = "<group>"; };
		B0824EB21EC22DB600C06AF1 /* NSString+IDPAlphabet.h */ = {isa = PBXFileReference; lastKnownFileType = sourcecode.c.h; path = "NSString+IDPAlphabet.h"; sourceTree = "<group>"; };
		B0824EB31EC22DB600C06AF1 /* NSString+IDPAlphabet.m */ = {isa = PBXFileReference; lastKnownFileType = sourcecode.c.objc; path = "NSString+IDPAlphabet.m"; sourceTree = "<group>"; };
		B0824EB51EC22DB600C06AF1 /* NSString+IDPRandomString.h */ = {isa = PBXFileReference; lastKnownFileType = sourcecode.c.h; path = "NSString+IDPRandomString.h"; sourceTree = "<group>"; };
		B0824EB61EC22DB600C06AF1 /* NSString+IDPRandomString.m */ = {isa = PBXFileReference; lastKnownFileType = sourcecode.c.objc; path = "NSString+IDPRandomString.m"; sourceTree = "<group>"; };
		B0824EBA1EC22DB600C06AF1 /* IDPMoney.h */ = {isa = PBXFileReference; lastKnownFileType = sourcecode.c.h; path = IDPMoney.h; sourceTree = "<group>"; };
		B0824EBB1EC22DB600C06AF1 /* IDPMoneyTransfer.h */ = {isa = PBXFileReference; lastKnownFileType = sourcecode.c.h; path = IDPMoneyTransfer.h; sourceTree = "<group>"; };
		B0824EBD1EC22E1500C06AF1 /* IDPObservableObject.h */ = {isa = PBXFileReference; fileEncoding = 4; lastKnownFileType = sourcecode.c.h; path = IDPObservableObject.h; sourceTree = "<group>"; };
		B0824EBE1EC22E1500C06AF1 /* IDPObservableObject.m */ = {isa = PBXFileReference; fileEncoding = 4; lastKnownFileType = sourcecode.c.objc; path = IDPObservableObject.m; sourceTree = "<group>"; };
		B0824EC01EC2328E00C06AF1 /* IDPEmployeeObserver.h */ = {isa = PBXFileReference; lastKnownFileType = sourcecode.c.h; path = IDPEmployeeObserver.h; sourceTree = "<group>"; };
/* End PBXFileReference section */

/* Begin PBXFrameworksBuildPhase section */
		10A54D7D1EB9C70D003F2BFD /* Frameworks */ = {
			isa = PBXFrameworksBuildPhase;
			buildActionMask = 2147483647;
			files = (
			);
			runOnlyForDeploymentPostprocessing = 0;
		};
/* End PBXFrameworksBuildPhase section */

/* Begin PBXGroup section */
		10A54D771EB9C70D003F2BFD = {
			isa = PBXGroup;
			children = (
				10A54D821EB9C70D003F2BFD /* TestObjC */,
				10A54D811EB9C70D003F2BFD /* Products */,
			);
			sourceTree = "<group>";
		};
		10A54D811EB9C70D003F2BFD /* Products */ = {
			isa = PBXGroup;
			children = (
				10A54D801EB9C70D003F2BFD /* TestObjC */,
			);
			name = Products;
			sourceTree = "<group>";
		};
		10A54D821EB9C70D003F2BFD /* TestObjC */ = {
			isa = PBXGroup;
			children = (
				B0824E701EC22DB600C06AF1 /* Source */,
				10A54D831EB9C70D003F2BFD /* main.m */,
			);
			path = TestObjC;
			sourceTree = "<group>";
		};
		B0824E701EC22DB600C06AF1 /* Source */ = {
			isa = PBXGroup;
			children = (
				B0824E711EC22DB600C06AF1 /* Carwash */,
				B0824E9B1EC22DB600C06AF1 /* Creature */,
				B0824EA01EC22DB600C06AF1 /* Creature2 */,
				B0824EA91EC22DB600C06AF1 /* Libraries */,
			);
			path = Source;
			sourceTree = "<group>";
		};
		B0824E711EC22DB600C06AF1 /* Carwash */ = {
			isa = PBXGroup;
			children = (
				B0824E721EC22DB600C06AF1 /* Building */,
				B0824E7C1EC22DB600C06AF1 /* Car */,
				B0824E801EC22DB600C06AF1 /* Employee */,
				B0824E8D1EC22DB600C06AF1 /* Enterprise */,
				B0824E941EC22DB600C06AF1 /* Room */,
			);
			path = Carwash;
			sourceTree = "<group>";
		};
		B0824E721EC22DB600C06AF1 /* Building */ = {
			isa = PBXGroup;
			children = (
				B0824E731EC22DB600C06AF1 /* IDPAdministration */,
				B0824E761EC22DB600C06AF1 /* IDPBuilding */,
				B0824E791EC22DB600C06AF1 /* IDPCarwash */,
			);
			path = Building;
			sourceTree = "<group>";
		};
		B0824E731EC22DB600C06AF1 /* IDPAdministration */ = {
			isa = PBXGroup;
			children = (
				B0824E741EC22DB600C06AF1 /* IDPAdministration.h */,
				B0824E751EC22DB600C06AF1 /* IDPAdministration.m */,
			);
			path = IDPAdministration;
			sourceTree = "<group>";
		};
		B0824E761EC22DB600C06AF1 /* IDPBuilding */ = {
			isa = PBXGroup;
			children = (
				B0824E771EC22DB600C06AF1 /* IDPBuilding.h */,
				B0824E781EC22DB600C06AF1 /* IDPBuilding.m */,
			);
			path = IDPBuilding;
			sourceTree = "<group>";
		};
		B0824E791EC22DB600C06AF1 /* IDPCarwash */ = {
			isa = PBXGroup;
			children = (
				B0824E7A1EC22DB600C06AF1 /* IDPCarwash.h */,
				B0824E7B1EC22DB600C06AF1 /* IDPCarwash.m */,
			);
			path = IDPCarwash;
			sourceTree = "<group>";
		};
		B0824E7C1EC22DB600C06AF1 /* Car */ = {
			isa = PBXGroup;
			children = (
				B0824E7D1EC22DB600C06AF1 /* IDPCar */,
			);
			path = Car;
			sourceTree = "<group>";
		};
		B0824E7D1EC22DB600C06AF1 /* IDPCar */ = {
			isa = PBXGroup;
			children = (
				B0824E7E1EC22DB600C06AF1 /* IDPCar.h */,
				B0824E7F1EC22DB600C06AF1 /* IDPCar.m */,
			);
			path = IDPCar;
			sourceTree = "<group>";
		};
		B0824E801EC22DB600C06AF1 /* Employee */ = {
			isa = PBXGroup;
			children = (
				B0824E811EC22DB600C06AF1 /* IDPAccountant */,
				B0824E841EC22DB600C06AF1 /* IDPDirector */,
				B0824E871EC22DB600C06AF1 /* IDPEmployee */,
				B0824E8A1EC22DB600C06AF1 /* IDPWasher */,
			);
			path = Employee;
			sourceTree = "<group>";
		};
		B0824E811EC22DB600C06AF1 /* IDPAccountant */ = {
			isa = PBXGroup;
			children = (
				B0824E821EC22DB600C06AF1 /* IDPAccountant.h */,
				B0824E831EC22DB600C06AF1 /* IDPAccountant.m */,
			);
			path = IDPAccountant;
			sourceTree = "<group>";
		};
		B0824E841EC22DB600C06AF1 /* IDPDirector */ = {
			isa = PBXGroup;
			children = (
				B0824E851EC22DB600C06AF1 /* IDPDirector.h */,
				B0824E861EC22DB600C06AF1 /* IDPDirector.m */,
			);
			path = IDPDirector;
			sourceTree = "<group>";
		};
		B0824E871EC22DB600C06AF1 /* IDPEmployee */ = {
			isa = PBXGroup;
			children = (
				B0824E881EC22DB600C06AF1 /* IDPEmployee.h */,
				B0824E891EC22DB600C06AF1 /* IDPEmployee.m */,
			);
			path = IDPEmployee;
			sourceTree = "<group>";
		};
		B0824E8A1EC22DB600C06AF1 /* IDPWasher */ = {
			isa = PBXGroup;
			children = (
				B0824E8B1EC22DB600C06AF1 /* IDPWasher.h */,
				B0824E8C1EC22DB600C06AF1 /* IDPWasher.m */,
			);
			path = IDPWasher;
			sourceTree = "<group>";
		};
		B0824E8D1EC22DB600C06AF1 /* Enterprise */ = {
			isa = PBXGroup;
			children = (
				B0824E8E1EC22DB600C06AF1 /* IDPEnterprise */,
				B0824E911EC22DB600C06AF1 /* IDPEnterpriseTest */,
			);
			path = Enterprise;
			sourceTree = "<group>";
		};
		B0824E8E1EC22DB600C06AF1 /* IDPEnterprise */ = {
			isa = PBXGroup;
			children = (
				B0824E8F1EC22DB600C06AF1 /* IDPEnterprise.h */,
				B0824E901EC22DB600C06AF1 /* IDPEnterprise.m */,
			);
			path = IDPEnterprise;
			sourceTree = "<group>";
		};
		B0824E911EC22DB600C06AF1 /* IDPEnterpriseTest */ = {
			isa = PBXGroup;
			children = (
				B0824E921EC22DB600C06AF1 /* IDPEnterpriseTest.h */,
				B0824E931EC22DB600C06AF1 /* IDPEnterpriseTest.m */,
			);
			path = IDPEnterpriseTest;
			sourceTree = "<group>";
		};
		B0824E941EC22DB600C06AF1 /* Room */ = {
			isa = PBXGroup;
			children = (
				B0824E951EC22DB600C06AF1 /* IDPCarwashRoom */,
				B0824E981EC22DB600C06AF1 /* IDPRoom */,
			);
			path = Room;
			sourceTree = "<group>";
		};
		B0824E951EC22DB600C06AF1 /* IDPCarwashRoom */ = {
			isa = PBXGroup;
			children = (
				B0824E961EC22DB600C06AF1 /* IDPCarwashRoom.h */,
				B0824E971EC22DB600C06AF1 /* IDPCarwashRoom.m */,
			);
			path = IDPCarwashRoom;
			sourceTree = "<group>";
		};
		B0824E981EC22DB600C06AF1 /* IDPRoom */ = {
			isa = PBXGroup;
			children = (
				B0824E991EC22DB600C06AF1 /* IDPRoom.h */,
				B0824E9A1EC22DB600C06AF1 /* IDPRoom.m */,
			);
			path = IDPRoom;
			sourceTree = "<group>";
		};
		B0824E9B1EC22DB600C06AF1 /* Creature */ = {
			isa = PBXGroup;
			children = (
				B0824E9C1EC22DB600C06AF1 /* IDPCreature.h */,
				B0824E9D1EC22DB600C06AF1 /* IDPCreature.m */,
				B0824E9E1EC22DB600C06AF1 /* IDPCreatureTest.h */,
				B0824E9F1EC22DB600C06AF1 /* IDPCreatureTest.m */,
			);
			path = Creature;
			sourceTree = "<group>";
		};
		B0824EA01EC22DB600C06AF1 /* Creature2 */ = {
			isa = PBXGroup;
			children = (
				B0824EA11EC22DB600C06AF1 /* IDPCreature2.h */,
				B0824EA21EC22DB600C06AF1 /* IDPCreature2.m */,
				B0824EA31EC22DB600C06AF1 /* IDPCreature2Test.h */,
				B0824EA41EC22DB600C06AF1 /* IDPCreature2Test.m */,
				B0824EA51EC22DB600C06AF1 /* IDPCreatureFemale.h */,
				B0824EA61EC22DB600C06AF1 /* IDPCreatureFemale.m */,
				B0824EA71EC22DB600C06AF1 /* IDPCreatureMale.h */,
				B0824EA81EC22DB600C06AF1 /* IDPCreatureMale.m */,
			);
			path = Creature2;
			sourceTree = "<group>";
		};
		B0824EA91EC22DB600C06AF1 /* Libraries */ = {
			isa = PBXGroup;
			children = (
				B0824EAA1EC22DB600C06AF1 /* Categories */,
				B0824EB71EC22DB600C06AF1 /* Classes */,
				B0824EB91EC22DB600C06AF1 /* Protocols */,
			);
			path = Libraries;
			sourceTree = "<group>";
		};
		B0824EAA1EC22DB600C06AF1 /* Categories */ = {
			isa = PBXGroup;
			children = (
				B0824EAB1EC22DB600C06AF1 /* NSArray+IDPExtensions */,
				B0824EAE1EC22DB600C06AF1 /* NSObject+IDPExtensions */,
				B0824EB11EC22DB600C06AF1 /* NSString+IDPAlphabet */,
				B0824EB41EC22DB600C06AF1 /* NSString+IDPRandomString */,
			);
			path = Categories;
			sourceTree = "<group>";
		};
		B0824EAB1EC22DB600C06AF1 /* NSArray+IDPExtensions */ = {
			isa = PBXGroup;
			children = (
				B0824EAC1EC22DB600C06AF1 /* NSArray+IDPExtensions.h */,
				B0824EAD1EC22DB600C06AF1 /* NSArray+IDPExtensions.m */,
			);
			path = "NSArray+IDPExtensions";
			sourceTree = "<group>";
		};
		B0824EAE1EC22DB600C06AF1 /* NSObject+IDPExtensions */ = {
			isa = PBXGroup;
			children = (
				B0824EAF1EC22DB600C06AF1 /* NSObject+IDPExtensions.h */,
				B0824EB01EC22DB600C06AF1 /* NSObject+IDPExtensions.m */,
			);
			path = "NSObject+IDPExtensions";
			sourceTree = "<group>";
		};
		B0824EB11EC22DB600C06AF1 /* NSString+IDPAlphabet */ = {
			isa = PBXGroup;
			children = (
				B0824EB21EC22DB600C06AF1 /* NSString+IDPAlphabet.h */,
				B0824EB31EC22DB600C06AF1 /* NSString+IDPAlphabet.m */,
			);
			path = "NSString+IDPAlphabet";
			sourceTree = "<group>";
		};
		B0824EB41EC22DB600C06AF1 /* NSString+IDPRandomString */ = {
			isa = PBXGroup;
			children = (
				B0824EB51EC22DB600C06AF1 /* NSString+IDPRandomString.h */,
				B0824EB61EC22DB600C06AF1 /* NSString+IDPRandomString.m */,
			);
			path = "NSString+IDPRandomString";
			sourceTree = "<group>";
		};
		B0824EB71EC22DB600C06AF1 /* Classes */ = {
			isa = PBXGroup;
			children = (
				B0824EB81EC22DB600C06AF1 /* IDPObservableObject */,
			);
			path = Classes;
			sourceTree = "<group>";
		};
		B0824EB81EC22DB600C06AF1 /* IDPObservableObject */ = {
			isa = PBXGroup;
			children = (
				B0824EBD1EC22E1500C06AF1 /* IDPObservableObject.h */,
				B0824EBE1EC22E1500C06AF1 /* IDPObservableObject.m */,
			);
			path = IDPObservableObject;
			sourceTree = "<group>";
		};
		B0824EB91EC22DB600C06AF1 /* Protocols */ = {
			isa = PBXGroup;
			children = (
				B0824EBA1EC22DB600C06AF1 /* IDPMoney.h */,
				B0824EBB1EC22DB600C06AF1 /* IDPMoneyTransfer.h */,
				B0824EC01EC2328E00C06AF1 /* IDPEmployeeObserver.h */,
				109D008A1EC2FB49004E64CD /* IDPObserver.h */,
			);
			path = Protocols;
			sourceTree = "<group>";
		};
/* End PBXGroup section */

/* Begin PBXNativeTarget section */
		10A54D7F1EB9C70D003F2BFD /* TestObjC */ = {
			isa = PBXNativeTarget;
			buildConfigurationList = 10A54D871EB9C70D003F2BFD /* Build configuration list for PBXNativeTarget "TestObjC" */;
			buildPhases = (
				10A54D7C1EB9C70D003F2BFD /* Sources */,
				10A54D7D1EB9C70D003F2BFD /* Frameworks */,
				10A54D7E1EB9C70D003F2BFD /* CopyFiles */,
			);
			buildRules = (
			);
			dependencies = (
			);
			name = TestObjC;
			productName = TestObjC;
			productReference = 10A54D801EB9C70D003F2BFD /* TestObjC */;
			productType = "com.apple.product-type.tool";
		};
/* End PBXNativeTarget section */

/* Begin PBXProject section */
		10A54D781EB9C70D003F2BFD /* Project object */ = {
			isa = PBXProject;
			attributes = {
				LastUpgradeCheck = 0820;
				ORGANIZATIONNAME = Genek;
				TargetAttributes = {
					10A54D7F1EB9C70D003F2BFD = {
						CreatedOnToolsVersion = 8.2.1;
						DevelopmentTeam = UPXX7Q685W;
						ProvisioningStyle = Automatic;
					};
				};
			};
			buildConfigurationList = 10A54D7B1EB9C70D003F2BFD /* Build configuration list for PBXProject "TestObjC" */;
			compatibilityVersion = "Xcode 3.2";
			developmentRegion = English;
			hasScannedForEncodings = 0;
			knownRegions = (
				en,
			);
			mainGroup = 10A54D771EB9C70D003F2BFD;
			productRefGroup = 10A54D811EB9C70D003F2BFD /* Products */;
			projectDirPath = "";
			projectRoot = "";
			targets = (
				10A54D7F1EB9C70D003F2BFD /* TestObjC */,
			);
		};
/* End PBXProject section */

/* Begin PBXSourcesBuildPhase section */
		10A54D7C1EB9C70D003F2BFD /* Sources */ = {
			isa = PBXSourcesBuildPhase;
			buildActionMask = 2147483647;
			files = (
				109D00841EC2F041004E64CD /* IDPCreature.m in Sources */,
				109D00871EC2F04C004E64CD /* IDPCreature2Test.m in Sources */,
				109D00821EC2F037004E64CD /* IDPCarwashRoom.m in Sources */,
				109D007B1EC2F013004E64CD /* IDPAdministration.m in Sources */,
				109D00881EC2F04E004E64CD /* IDPCreatureFemale.m in Sources */,
				109D00861EC2F049004E64CD /* IDPCreature2.m in Sources */,
				109D007F1EC2F027004E64CD /* IDPDirector.m in Sources */,
				109D007A1EC2F007004E64CD /* IDPEnterprise.m in Sources */,
				109D00851EC2F043004E64CD /* IDPCreatureTest.m in Sources */,
				109D00791EC2F003004E64CD /* IDPCar.m in Sources */,
				109D007D1EC2F01A004E64CD /* IDPCarwash.m in Sources */,
				109D007C1EC2F016004E64CD /* IDPBuilding.m in Sources */,
				109D00891EC2F050004E64CD /* IDPCreatureMale.m in Sources */,
				109D00771EC2EF77004E64CD /* IDPEnterpriseTest.m in Sources */,
				10A54D841EB9C70D003F2BFD /* main.m in Sources */,
				109D007E1EC2F024004E64CD /* IDPAccountant.m in Sources */,
				109D00831EC2F03A004E64CD /* IDPRoom.m in Sources */,
				109D00801EC2F02A004E64CD /* IDPEmployee.m in Sources */,
				109D008C1EC3135B004E64CD /* NSString+IDPAlphabet.m in Sources */,
				B0824EBF1EC22E1500C06AF1 /* IDPObservableObject.m in Sources */,
				109D00781EC2EF86004E64CD /* NSObject+IDPExtensions.m in Sources */,
				109D008D1EC3135F004E64CD /* NSString+IDPRandomString.m in Sources */,
				109D008B1EC31354004E64CD /* NSArray+IDPExtensions.m in Sources */,
				109D00811EC2F02E004E64CD /* IDPWasher.m in Sources */,
			);
			runOnlyForDeploymentPostprocessing = 0;
		};
/* End PBXSourcesBuildPhase section */

/* Begin XCBuildConfiguration section */
		10A54D851EB9C70D003F2BFD /* Debug */ = {
			isa = XCBuildConfiguration;
			buildSettings = {
				ALWAYS_SEARCH_USER_PATHS = NO;
				CLANG_ANALYZER_NONNULL = YES;
				CLANG_CXX_LANGUAGE_STANDARD = "gnu++0x";
				CLANG_CXX_LIBRARY = "libc++";
				CLANG_ENABLE_MODULES = YES;
				CLANG_ENABLE_OBJC_ARC = YES;
				CLANG_WARN_BOOL_CONVERSION = YES;
				CLANG_WARN_CONSTANT_CONVERSION = YES;
				CLANG_WARN_DIRECT_OBJC_ISA_USAGE = YES_ERROR;
				CLANG_WARN_DOCUMENTATION_COMMENTS = YES;
				CLANG_WARN_EMPTY_BODY = YES;
				CLANG_WARN_ENUM_CONVERSION = YES;
				CLANG_WARN_INFINITE_RECURSION = YES;
				CLANG_WARN_INT_CONVERSION = YES;
				CLANG_WARN_OBJC_ROOT_CLASS = YES_ERROR;
				CLANG_WARN_SUSPICIOUS_MOVE = YES;
				CLANG_WARN_UNREACHABLE_CODE = YES;
				CLANG_WARN__DUPLICATE_METHOD_MATCH = YES;
				CODE_SIGN_IDENTITY = "-";
				COPY_PHASE_STRIP = NO;
				DEBUG_INFORMATION_FORMAT = dwarf;
				ENABLE_STRICT_OBJC_MSGSEND = YES;
				ENABLE_TESTABILITY = YES;
				GCC_C_LANGUAGE_STANDARD = gnu99;
				GCC_DYNAMIC_NO_PIC = NO;
				GCC_NO_COMMON_BLOCKS = YES;
				GCC_OPTIMIZATION_LEVEL = 0;
				GCC_PREPROCESSOR_DEFINITIONS = (
					"DEBUG=1",
					"$(inherited)",
				);
				GCC_WARN_64_TO_32_BIT_CONVERSION = YES;
				GCC_WARN_ABOUT_RETURN_TYPE = YES_ERROR;
				GCC_WARN_UNDECLARED_SELECTOR = YES;
				GCC_WARN_UNINITIALIZED_AUTOS = YES_AGGRESSIVE;
				GCC_WARN_UNUSED_FUNCTION = YES;
				GCC_WARN_UNUSED_VARIABLE = YES;
				MACOSX_DEPLOYMENT_TARGET = 10.12;
				MTL_ENABLE_DEBUG_INFO = YES;
				ONLY_ACTIVE_ARCH = YES;
				SDKROOT = macosx;
			};
			name = Debug;
		};
		10A54D861EB9C70D003F2BFD /* Release */ = {
			isa = XCBuildConfiguration;
			buildSettings = {
				ALWAYS_SEARCH_USER_PATHS = NO;
				CLANG_ANALYZER_NONNULL = YES;
				CLANG_CXX_LANGUAGE_STANDARD = "gnu++0x";
				CLANG_CXX_LIBRARY = "libc++";
				CLANG_ENABLE_MODULES = YES;
				CLANG_ENABLE_OBJC_ARC = YES;
				CLANG_WARN_BOOL_CONVERSION = YES;
				CLANG_WARN_CONSTANT_CONVERSION = YES;
				CLANG_WARN_DIRECT_OBJC_ISA_USAGE = YES_ERROR;
				CLANG_WARN_DOCUMENTATION_COMMENTS = YES;
				CLANG_WARN_EMPTY_BODY = YES;
				CLANG_WARN_ENUM_CONVERSION = YES;
				CLANG_WARN_INFINITE_RECURSION = YES;
				CLANG_WARN_INT_CONVERSION = YES;
				CLANG_WARN_OBJC_ROOT_CLASS = YES_ERROR;
				CLANG_WARN_SUSPICIOUS_MOVE = YES;
				CLANG_WARN_UNREACHABLE_CODE = YES;
				CLANG_WARN__DUPLICATE_METHOD_MATCH = YES;
				CODE_SIGN_IDENTITY = "-";
				COPY_PHASE_STRIP = NO;
				DEBUG_INFORMATION_FORMAT = "dwarf-with-dsym";
				ENABLE_NS_ASSERTIONS = NO;
				ENABLE_STRICT_OBJC_MSGSEND = YES;
				GCC_C_LANGUAGE_STANDARD = gnu99;
				GCC_NO_COMMON_BLOCKS = YES;
				GCC_WARN_64_TO_32_BIT_CONVERSION = YES;
				GCC_WARN_ABOUT_RETURN_TYPE = YES_ERROR;
				GCC_WARN_UNDECLARED_SELECTOR = YES;
				GCC_WARN_UNINITIALIZED_AUTOS = YES_AGGRESSIVE;
				GCC_WARN_UNUSED_FUNCTION = YES;
				GCC_WARN_UNUSED_VARIABLE = YES;
				MACOSX_DEPLOYMENT_TARGET = 10.12;
				MTL_ENABLE_DEBUG_INFO = NO;
				SDKROOT = macosx;
			};
			name = Release;
		};
		10A54D881EB9C70D003F2BFD /* Debug */ = {
			isa = XCBuildConfiguration;
			buildSettings = {
				CLANG_ENABLE_OBJC_ARC = NO;
				DEVELOPMENT_TEAM = UPXX7Q685W;
				PRODUCT_NAME = "$(TARGET_NAME)";
			};
			name = Debug;
		};
		10A54D891EB9C70D003F2BFD /* Release */ = {
			isa = XCBuildConfiguration;
			buildSettings = {
				CLANG_ENABLE_OBJC_ARC = NO;
				DEVELOPMENT_TEAM = UPXX7Q685W;
				PRODUCT_NAME = "$(TARGET_NAME)";
			};
			name = Release;
		};
/* End XCBuildConfiguration section */

/* Begin XCConfigurationList section */
		10A54D7B1EB9C70D003F2BFD /* Build configuration list for PBXProject "TestObjC" */ = {
			isa = XCConfigurationList;
			buildConfigurations = (
				10A54D851EB9C70D003F2BFD /* Debug */,
				10A54D861EB9C70D003F2BFD /* Release */,
			);
			defaultConfigurationIsVisible = 0;
			defaultConfigurationName = Release;
		};
		10A54D871EB9C70D003F2BFD /* Build configuration list for PBXNativeTarget "TestObjC" */ = {
			isa = XCConfigurationList;
			buildConfigurations = (
				10A54D881EB9C70D003F2BFD /* Debug */,
				10A54D891EB9C70D003F2BFD /* Release */,
			);
			defaultConfigurationIsVisible = 0;
			defaultConfigurationName = Release;
		};
/* End XCConfigurationList section */
	};
	rootObject = 10A54D781EB9C70D003F2BFD /* Project object */;
}
