// !$*UTF8*$!
{
	archiveVersion = 1;
	classes = {
	};
	objectVersion = 46;
	objects = {

/* Begin PBXBuildFile section */
		10A54D841EB9C70D003F2BFD /* main.m in Sources */ = {isa = PBXBuildFile; fileRef = 10A54D831EB9C70D003F2BFD /* main.m */; };
		10A54D951EB9C9CC003F2BFD /* NSString+IDPRandomString.m in Sources */ = {isa = PBXBuildFile; fileRef = 10A54D941EB9C9CC003F2BFD /* NSString+IDPRandomString.m */; };
		10A54D981EB9E0C2003F2BFD /* NSString+IDPAlphabet.m in Sources */ = {isa = PBXBuildFile; fileRef = 10A54D971EB9E0C2003F2BFD /* NSString+IDPAlphabet.m */; };
/* End PBXBuildFile section */

/* Begin PBXCopyFilesBuildPhase section */
		10A54D7E1EB9C70D003F2BFD /* CopyFiles */ = {
			isa = PBXCopyFilesBuildPhase;
			buildActionMask = 2147483647;
			dstPath = /usr/share/man/man1/;
			dstSubfolderSpec = 0;
			files = (
			);
			runOnlyForDeploymentPostprocessing = 1;
		};
/* End PBXCopyFilesBuildPhase section */

/* Begin PBXFileReference section */
		10A54D801EB9C70D003F2BFD /* TestObjC */ = {isa = PBXFileReference; explicitFileType = "compiled.mach-o.executable"; includeInIndex = 0; path = TestObjC; sourceTree = BUILT_PRODUCTS_DIR; };
		10A54D831EB9C70D003F2BFD /* main.m */ = {isa = PBXFileReference; lastKnownFileType = sourcecode.c.objc; path = main.m; sourceTree = "<group>"; };
		10A54D931EB9C9CC003F2BFD /* NSString+IDPRandomString.h */ = {isa = PBXFileReference; fileEncoding = 4; lastKnownFileType = sourcecode.c.h; path = "NSString+IDPRandomString.h"; sourceTree = "<group>"; };
		10A54D941EB9C9CC003F2BFD /* NSString+IDPRandomString.m */ = {isa = PBXFileReference; fileEncoding = 4; lastKnownFileType = sourcecode.c.objc; path = "NSString+IDPRandomString.m"; sourceTree = "<group>"; };
		10A54D961EB9E0C2003F2BFD /* NSString+IDPAlphabet.h */ = {isa = PBXFileReference; fileEncoding = 4; lastKnownFileType = sourcecode.c.h; path = "NSString+IDPAlphabet.h"; sourceTree = "<group>"; };
		10A54D971EB9E0C2003F2BFD /* NSString+IDPAlphabet.m */ = {isa = PBXFileReference; fileEncoding = 4; lastKnownFileType = sourcecode.c.objc; path = "NSString+IDPAlphabet.m"; sourceTree = "<group>"; };
/* End PBXFileReference section */

/* Begin PBXFrameworksBuildPhase section */
		10A54D7D1EB9C70D003F2BFD /* Frameworks */ = {
			isa = PBXFrameworksBuildPhase;
			buildActionMask = 2147483647;
			files = (
			);
			runOnlyForDeploymentPostprocessing = 0;
		};
/* End PBXFrameworksBuildPhase section */

/* Begin PBXGroup section */
		10A54D771EB9C70D003F2BFD = {
			isa = PBXGroup;
			children = (
				10A54D821EB9C70D003F2BFD /* TestObjC */,
				10A54D811EB9C70D003F2BFD /* Products */,
			);
			sourceTree = "<group>";
		};
		10A54D811EB9C70D003F2BFD /* Products */ = {
			isa = PBXGroup;
			children = (
				10A54D801EB9C70D003F2BFD /* TestObjC */,
			);
			name = Products;
			sourceTree = "<group>";
		};
		10A54D821EB9C70D003F2BFD /* TestObjC */ = {
			isa = PBXGroup;
			children = (
				10A54D8A1EB9C75D003F2BFD /* RandomString */,
				10A54D831EB9C70D003F2BFD /* main.m */,
			);
			path = TestObjC;
			sourceTree = "<group>";
		};
		10A54D8A1EB9C75D003F2BFD /* RandomString */ = {
			isa = PBXGroup;
			children = (
				10A54D961EB9E0C2003F2BFD /* NSString+IDPAlphabet.h */,
				10A54D971EB9E0C2003F2BFD /* NSString+IDPAlphabet.m */,
				10A54D931EB9C9CC003F2BFD /* NSString+IDPRandomString.h */,
				10A54D941EB9C9CC003F2BFD /* NSString+IDPRandomString.m */,
			);
			path = RandomString;
			sourceTree = "<group>";
		};
/* End PBXGroup section */

/* Begin PBXNativeTarget section */
		10A54D7F1EB9C70D003F2BFD /* TestObjC */ = {
			isa = PBXNativeTarget;
			buildConfigurationList = 10A54D871EB9C70D003F2BFD /* Build configuration list for PBXNativeTarget "TestObjC" */;
			buildPhases = (
				10A54D7C1EB9C70D003F2BFD /* Sources */,
				10A54D7D1EB9C70D003F2BFD /* Frameworks */,
				10A54D7E1EB9C70D003F2BFD /* CopyFiles */,
			);
			buildRules = (
			);
			dependencies = (
			);
			name = TestObjC;
			productName = TestObjC;
			productReference = 10A54D801EB9C70D003F2BFD /* TestObjC */;
			productType = "com.apple.product-type.tool";
		};
/* End PBXNativeTarget section */

/* Begin PBXProject section */
		10A54D781EB9C70D003F2BFD /* Project object */ = {
			isa = PBXProject;
			attributes = {
				LastUpgradeCheck = 0820;
				ORGANIZATIONNAME = Genek;
				TargetAttributes = {
					10A54D7F1EB9C70D003F2BFD = {
						CreatedOnToolsVersion = 8.2.1;
						DevelopmentTeam = UPXX7Q685W;
						ProvisioningStyle = Automatic;
					};
				};
			};
			buildConfigurationList = 10A54D7B1EB9C70D003F2BFD /* Build configuration list for PBXProject "TestObjC" */;
			compatibilityVersion = "Xcode 3.2";
			developmentRegion = English;
			hasScannedForEncodings = 0;
			knownRegions = (
				en,
			);
			mainGroup = 10A54D771EB9C70D003F2BFD;
			productRefGroup = 10A54D811EB9C70D003F2BFD /* Products */;
			projectDirPath = "";
			projectRoot = "";
			targets = (
				10A54D7F1EB9C70D003F2BFD /* TestObjC */,
			);
		};
/* End PBXProject section */

/* Begin PBXSourcesBuildPhase section */
		10A54D7C1EB9C70D003F2BFD /* Sources */ = {
			isa = PBXSourcesBuildPhase;
			buildActionMask = 2147483647;
			files = (
				10A54D841EB9C70D003F2BFD /* main.m in Sources */,
				10A54D981EB9E0C2003F2BFD /* NSString+IDPAlphabet.m in Sources */,
				10A54D951EB9C9CC003F2BFD /* NSString+IDPRandomString.m in Sources */,
			);
			runOnlyForDeploymentPostprocessing = 0;
		};
/* End PBXSourcesBuildPhase section */

/* Begin XCBuildConfiguration section */
		10A54D851EB9C70D003F2BFD /* Debug */ = {
			isa = XCBuildConfiguration;
			buildSettings = {
				ALWAYS_SEARCH_USER_PATHS = NO;
				CLANG_ANALYZER_NONNULL = YES;
				CLANG_CXX_LANGUAGE_STANDARD = "gnu++0x";
				CLANG_CXX_LIBRARY = "libc++";
				CLANG_ENABLE_MODULES = YES;
				CLANG_ENABLE_OBJC_ARC = YES;
				CLANG_WARN_BOOL_CONVERSION = YES;
				CLANG_WARN_CONSTANT_CONVERSION = YES;
				CLANG_WARN_DIRECT_OBJC_ISA_USAGE = YES_ERROR;
				CLANG_WARN_DOCUMENTATION_COMMENTS = YES;
				CLANG_WARN_EMPTY_BODY = YES;
				CLANG_WARN_ENUM_CONVERSION = YES;
				CLANG_WARN_INFINITE_RECURSION = YES;
				CLANG_WARN_INT_CONVERSION = YES;
				CLANG_WARN_OBJC_ROOT_CLASS = YES_ERROR;
				CLANG_WARN_SUSPICIOUS_MOVE = YES;
				CLANG_WARN_UNREACHABLE_CODE = YES;
				CLANG_WARN__DUPLICATE_METHOD_MATCH = YES;
				CODE_SIGN_IDENTITY = "-";
				COPY_PHASE_STRIP = NO;
				DEBUG_INFORMATION_FORMAT = dwarf;
				ENABLE_STRICT_OBJC_MSGSEND = YES;
				ENABLE_TESTABILITY = YES;
				GCC_C_LANGUAGE_STANDARD = gnu99;
				GCC_DYNAMIC_NO_PIC = NO;
				GCC_NO_COMMON_BLOCKS = YES;
				GCC_OPTIMIZATION_LEVEL = 0;
				GCC_PREPROCESSOR_DEFINITIONS = (
					"DEBUG=1",
					"$(inherited)",
				);
				GCC_WARN_64_TO_32_BIT_CONVERSION = YES;
				GCC_WARN_ABOUT_RETURN_TYPE = YES_ERROR;
				GCC_WARN_UNDECLARED_SELECTOR = YES;
				GCC_WARN_UNINITIALIZED_AUTOS = YES_AGGRESSIVE;
				GCC_WARN_UNUSED_FUNCTION = YES;
				GCC_WARN_UNUSED_VARIABLE = YES;
				MACOSX_DEPLOYMENT_TARGET = 10.12;
				MTL_ENABLE_DEBUG_INFO = YES;
				ONLY_ACTIVE_ARCH = YES;
				SDKROOT = macosx;
			};
			name = Debug;
		};
		10A54D861EB9C70D003F2BFD /* Release */ = {
			isa = XCBuildConfiguration;
			buildSettings = {
				ALWAYS_SEARCH_USER_PATHS = NO;
				CLANG_ANALYZER_NONNULL = YES;
				CLANG_CXX_LANGUAGE_STANDARD = "gnu++0x";
				CLANG_CXX_LIBRARY = "libc++";
				CLANG_ENABLE_MODULES = YES;
				CLANG_ENABLE_OBJC_ARC = YES;
				CLANG_WARN_BOOL_CONVERSION = YES;
				CLANG_WARN_CONSTANT_CONVERSION = YES;
				CLANG_WARN_DIRECT_OBJC_ISA_USAGE = YES_ERROR;
				CLANG_WARN_DOCUMENTATION_COMMENTS = YES;
				CLANG_WARN_EMPTY_BODY = YES;
				CLANG_WARN_ENUM_CONVERSION = YES;
				CLANG_WARN_INFINITE_RECURSION = YES;
				CLANG_WARN_INT_CONVERSION = YES;
				CLANG_WARN_OBJC_ROOT_CLASS = YES_ERROR;
				CLANG_WARN_SUSPICIOUS_MOVE = YES;
				CLANG_WARN_UNREACHABLE_CODE = YES;
				CLANG_WARN__DUPLICATE_METHOD_MATCH = YES;
				CODE_SIGN_IDENTITY = "-";
				COPY_PHASE_STRIP = NO;
				DEBUG_INFORMATION_FORMAT = "dwarf-with-dsym";
				ENABLE_NS_ASSERTIONS = NO;
				ENABLE_STRICT_OBJC_MSGSEND = YES;
				GCC_C_LANGUAGE_STANDARD = gnu99;
				GCC_NO_COMMON_BLOCKS = YES;
				GCC_WARN_64_TO_32_BIT_CONVERSION = YES;
				GCC_WARN_ABOUT_RETURN_TYPE = YES_ERROR;
				GCC_WARN_UNDECLARED_SELECTOR = YES;
				GCC_WARN_UNINITIALIZED_AUTOS = YES_AGGRESSIVE;
				GCC_WARN_UNUSED_FUNCTION = YES;
				GCC_WARN_UNUSED_VARIABLE = YES;
				MACOSX_DEPLOYMENT_TARGET = 10.12;
				MTL_ENABLE_DEBUG_INFO = NO;
				SDKROOT = macosx;
			};
			name = Release;
		};
		10A54D881EB9C70D003F2BFD /* Debug */ = {
			isa = XCBuildConfiguration;
			buildSettings = {
				DEVELOPMENT_TEAM = UPXX7Q685W;
				PRODUCT_NAME = "$(TARGET_NAME)";
			};
			name = Debug;
		};
		10A54D891EB9C70D003F2BFD /* Release */ = {
			isa = XCBuildConfiguration;
			buildSettings = {
				DEVELOPMENT_TEAM = UPXX7Q685W;
				PRODUCT_NAME = "$(TARGET_NAME)";
			};
			name = Release;
		};
/* End XCBuildConfiguration section */

/* Begin XCConfigurationList section */
		10A54D7B1EB9C70D003F2BFD /* Build configuration list for PBXProject "TestObjC" */ = {
			isa = XCConfigurationList;
			buildConfigurations = (
				10A54D851EB9C70D003F2BFD /* Debug */,
				10A54D861EB9C70D003F2BFD /* Release */,
			);
			defaultConfigurationIsVisible = 0;
			defaultConfigurationName = Release;
		};
		10A54D871EB9C70D003F2BFD /* Build configuration list for PBXNativeTarget "TestObjC" */ = {
			isa = XCConfigurationList;
			buildConfigurations = (
				10A54D881EB9C70D003F2BFD /* Debug */,
				10A54D891EB9C70D003F2BFD /* Release */,
			);
			defaultConfigurationIsVisible = 0;
		};
/* End XCConfigurationList section */
	};
	rootObject = 10A54D781EB9C70D003F2BFD /* Project object */;
}
