// !$*UTF8*$!
{
	archiveVersion = 1;
	classes = {
	};
	objectVersion = 46;
	objects = {

/* Begin PBXBuildFile section */
		10A54D841EB9C70D003F2BFD /* main.m in Sources */ = {isa = PBXBuildFile; fileRef = 10A54D831EB9C70D003F2BFD /* main.m */; };
		10FF6F6E1EBC5E0A00C6E9A4 /* IDPCreature2.m in Sources */ = {isa = PBXBuildFile; fileRef = 10FF6F621EBC5DEB00C6E9A4 /* IDPCreature2.m */; };
		10FF6F6F1EBC5E1800C6E9A4 /* IDPAdministration.m in Sources */ = {isa = PBXBuildFile; fileRef = 10FF6F391EBC5DEB00C6E9A4 /* IDPAdministration.m */; };
		10FF6F701EBC5E2700C6E9A4 /* NSString+IDPRandomString.m in Sources */ = {isa = PBXBuildFile; fileRef = 10FF6F6D1EBC5DEB00C6E9A4 /* NSString+IDPRandomString.m */; };
		10FF6F711EBC5E2A00C6E9A4 /* NSString+IDPAlphabet.m in Sources */ = {isa = PBXBuildFile; fileRef = 10FF6F6B1EBC5DEB00C6E9A4 /* NSString+IDPAlphabet.m */; };
		10FF6F721EBC5E2C00C6E9A4 /* IDPCreatureMale.m in Sources */ = {isa = PBXBuildFile; fileRef = 10FF6F681EBC5DEB00C6E9A4 /* IDPCreatureMale.m */; };
		10FF6F731EBC5E2F00C6E9A4 /* IDPCreatureFemale.m in Sources */ = {isa = PBXBuildFile; fileRef = 10FF6F661EBC5DEB00C6E9A4 /* IDPCreatureFemale.m */; };
		10FF6F741EBC5E3100C6E9A4 /* IDPCreature2Test.m in Sources */ = {isa = PBXBuildFile; fileRef = 10FF6F641EBC5DEB00C6E9A4 /* IDPCreature2Test.m */; };
		10FF6F751EBC5E3700C6E9A4 /* IDPCreatureTest.m in Sources */ = {isa = PBXBuildFile; fileRef = 10FF6F5F1EBC5DEB00C6E9A4 /* IDPCreatureTest.m */; };
		10FF6F761EBC5E3A00C6E9A4 /* IDPCreature.m in Sources */ = {isa = PBXBuildFile; fileRef = 10FF6F5D1EBC5DEB00C6E9A4 /* IDPCreature.m */; };
		10FF6F771EBC5E3D00C6E9A4 /* NSObject+IDPExtension.m in Sources */ = {isa = PBXBuildFile; fileRef = 10FF6F5A1EBC5DEB00C6E9A4 /* NSObject+IDPExtension.m */; };
		10FF6F781EBC5E4300C6E9A4 /* IDPRoom.m in Sources */ = {isa = PBXBuildFile; fileRef = 10FF6F571EBC5DEB00C6E9A4 /* IDPRoom.m */; };
		10FF6F791EBC5E4600C6E9A4 /* IDPCarwashRoom.m in Sources */ = {isa = PBXBuildFile; fileRef = 10FF6F541EBC5DEB00C6E9A4 /* IDPCarwashRoom.m */; };
		10FF6F7A1EBC5E4A00C6E9A4 /* IDPWasher.m in Sources */ = {isa = PBXBuildFile; fileRef = 10FF6F501EBC5DEB00C6E9A4 /* IDPWasher.m */; };
		10FF6F7B1EBC5E4D00C6E9A4 /* IDPEmployee.m in Sources */ = {isa = PBXBuildFile; fileRef = 10FF6F4D1EBC5DEB00C6E9A4 /* IDPEmployee.m */; };
		10FF6F7C1EBC5E5200C6E9A4 /* IDPDirector.m in Sources */ = {isa = PBXBuildFile; fileRef = 10FF6F4A1EBC5DEB00C6E9A4 /* IDPDirector.m */; };
		10FF6F7D1EBC5E5400C6E9A4 /* IDPAccountant.m in Sources */ = {isa = PBXBuildFile; fileRef = 10FF6F471EBC5DEB00C6E9A4 /* IDPAccountant.m */; };
		10FF6F7E1EBC5E5900C6E9A4 /* IDPCar.m in Sources */ = {isa = PBXBuildFile; fileRef = 10FF6F431EBC5DEB00C6E9A4 /* IDPCar.m */; };
		10FF6F7F1EBC5E5D00C6E9A4 /* IDPCarwash.m in Sources */ = {isa = PBXBuildFile; fileRef = 10FF6F3F1EBC5DEB00C6E9A4 /* IDPCarwash.m */; };
		10FF6F801EBC5E5F00C6E9A4 /* IDPBuilding.m in Sources */ = {isa = PBXBuildFile; fileRef = 10FF6F3C1EBC5DEB00C6E9A4 /* IDPBuilding.m */; };
/* End PBXBuildFile section */

/* Begin PBXCopyFilesBuildPhase section */
		10A54D7E1EB9C70D003F2BFD /* CopyFiles */ = {
			isa = PBXCopyFilesBuildPhase;
			buildActionMask = 2147483647;
			dstPath = /usr/share/man/man1/;
			dstSubfolderSpec = 0;
			files = (
			);
			runOnlyForDeploymentPostprocessing = 1;
		};
/* End PBXCopyFilesBuildPhase section */

/* Begin PBXFileReference section */
		10A54D801EB9C70D003F2BFD /* TestObjC */ = {isa = PBXFileReference; explicitFileType = "compiled.mach-o.executable"; includeInIndex = 0; path = TestObjC; sourceTree = BUILT_PRODUCTS_DIR; };
		10A54D831EB9C70D003F2BFD /* main.m */ = {isa = PBXFileReference; lastKnownFileType = sourcecode.c.objc; path = main.m; sourceTree = "<group>"; };
		10FF6F381EBC5DEB00C6E9A4 /* IDPAdministration.h */ = {isa = PBXFileReference; lastKnownFileType = sourcecode.c.h; path = IDPAdministration.h; sourceTree = "<group>"; };
		10FF6F391EBC5DEB00C6E9A4 /* IDPAdministration.m */ = {isa = PBXFileReference; lastKnownFileType = sourcecode.c.objc; path = IDPAdministration.m; sourceTree = "<group>"; };
		10FF6F3B1EBC5DEB00C6E9A4 /* IDPBuilding.h */ = {isa = PBXFileReference; lastKnownFileType = sourcecode.c.h; path = IDPBuilding.h; sourceTree = "<group>"; };
		10FF6F3C1EBC5DEB00C6E9A4 /* IDPBuilding.m */ = {isa = PBXFileReference; lastKnownFileType = sourcecode.c.objc; path = IDPBuilding.m; sourceTree = "<group>"; };
		10FF6F3E1EBC5DEB00C6E9A4 /* IDPCarwash.h */ = {isa = PBXFileReference; lastKnownFileType = sourcecode.c.h; path = IDPCarwash.h; sourceTree = "<group>"; };
		10FF6F3F1EBC5DEB00C6E9A4 /* IDPCarwash.m */ = {isa = PBXFileReference; lastKnownFileType = sourcecode.c.objc; path = IDPCarwash.m; sourceTree = "<group>"; };
		10FF6F421EBC5DEB00C6E9A4 /* IDPCar.h */ = {isa = PBXFileReference; lastKnownFileType = sourcecode.c.h; path = IDPCar.h; sourceTree = "<group>"; };
		10FF6F431EBC5DEB00C6E9A4 /* IDPCar.m */ = {isa = PBXFileReference; lastKnownFileType = sourcecode.c.objc; path = IDPCar.m; sourceTree = "<group>"; };
		10FF6F461EBC5DEB00C6E9A4 /* IDPAccountant.h */ = {isa = PBXFileReference; lastKnownFileType = sourcecode.c.h; path = IDPAccountant.h; sourceTree = "<group>"; };
		10FF6F471EBC5DEB00C6E9A4 /* IDPAccountant.m */ = {isa = PBXFileReference; lastKnownFileType = sourcecode.c.objc; path = IDPAccountant.m; sourceTree = "<group>"; };
		10FF6F491EBC5DEB00C6E9A4 /* IDPDirector.h */ = {isa = PBXFileReference; lastKnownFileType = sourcecode.c.h; path = IDPDirector.h; sourceTree = "<group>"; };
		10FF6F4A1EBC5DEB00C6E9A4 /* IDPDirector.m */ = {isa = PBXFileReference; lastKnownFileType = sourcecode.c.objc; path = IDPDirector.m; sourceTree = "<group>"; };
		10FF6F4C1EBC5DEB00C6E9A4 /* IDPEmployee.h */ = {isa = PBXFileReference; lastKnownFileType = sourcecode.c.h; path = IDPEmployee.h; sourceTree = "<group>"; };
		10FF6F4D1EBC5DEB00C6E9A4 /* IDPEmployee.m */ = {isa = PBXFileReference; lastKnownFileType = sourcecode.c.objc; path = IDPEmployee.m; sourceTree = "<group>"; };
		10FF6F4F1EBC5DEB00C6E9A4 /* IDPWasher.h */ = {isa = PBXFileReference; lastKnownFileType = sourcecode.c.h; path = IDPWasher.h; sourceTree = "<group>"; };
		10FF6F501EBC5DEB00C6E9A4 /* IDPWasher.m */ = {isa = PBXFileReference; lastKnownFileType = sourcecode.c.objc; path = IDPWasher.m; sourceTree = "<group>"; };
		10FF6F531EBC5DEB00C6E9A4 /* IDPCarwashRoom.h */ = {isa = PBXFileReference; lastKnownFileType = sourcecode.c.h; path = IDPCarwashRoom.h; sourceTree = "<group>"; };
		10FF6F541EBC5DEB00C6E9A4 /* IDPCarwashRoom.m */ = {isa = PBXFileReference; lastKnownFileType = sourcecode.c.objc; path = IDPCarwashRoom.m; sourceTree = "<group>"; };
		10FF6F561EBC5DEB00C6E9A4 /* IDPRoom.h */ = {isa = PBXFileReference; lastKnownFileType = sourcecode.c.h; path = IDPRoom.h; sourceTree = "<group>"; };
		10FF6F571EBC5DEB00C6E9A4 /* IDPRoom.m */ = {isa = PBXFileReference; lastKnownFileType = sourcecode.c.objc; path = IDPRoom.m; sourceTree = "<group>"; };
		10FF6F591EBC5DEB00C6E9A4 /* NSObject+IDPExtension.h */ = {isa = PBXFileReference; lastKnownFileType = sourcecode.c.h; path = "NSObject+IDPExtension.h"; sourceTree = "<group>"; };
		10FF6F5A1EBC5DEB00C6E9A4 /* NSObject+IDPExtension.m */ = {isa = PBXFileReference; lastKnownFileType = sourcecode.c.objc; path = "NSObject+IDPExtension.m"; sourceTree = "<group>"; };
		10FF6F5C1EBC5DEB00C6E9A4 /* IDPCreature.h */ = {isa = PBXFileReference; lastKnownFileType = sourcecode.c.h; path = IDPCreature.h; sourceTree = "<group>"; };
		10FF6F5D1EBC5DEB00C6E9A4 /* IDPCreature.m */ = {isa = PBXFileReference; lastKnownFileType = sourcecode.c.objc; path = IDPCreature.m; sourceTree = "<group>"; };
		10FF6F5E1EBC5DEB00C6E9A4 /* IDPCreatureTest.h */ = {isa = PBXFileReference; lastKnownFileType = sourcecode.c.h; path = IDPCreatureTest.h; sourceTree = "<group>"; };
		10FF6F5F1EBC5DEB00C6E9A4 /* IDPCreatureTest.m */ = {isa = PBXFileReference; lastKnownFileType = sourcecode.c.objc; path = IDPCreatureTest.m; sourceTree = "<group>"; };
		10FF6F611EBC5DEB00C6E9A4 /* IDPCreature2.h */ = {isa = PBXFileReference; lastKnownFileType = sourcecode.c.h; path = IDPCreature2.h; sourceTree = "<group>"; };
		10FF6F621EBC5DEB00C6E9A4 /* IDPCreature2.m */ = {isa = PBXFileReference; lastKnownFileType = sourcecode.c.objc; path = IDPCreature2.m; sourceTree = "<group>"; };
		10FF6F631EBC5DEB00C6E9A4 /* IDPCreature2Test.h */ = {isa = PBXFileReference; lastKnownFileType = sourcecode.c.h; path = IDPCreature2Test.h; sourceTree = "<group>"; };
		10FF6F641EBC5DEB00C6E9A4 /* IDPCreature2Test.m */ = {isa = PBXFileReference; lastKnownFileType = sourcecode.c.objc; path = IDPCreature2Test.m; sourceTree = "<group>"; };
		10FF6F651EBC5DEB00C6E9A4 /* IDPCreatureFemale.h */ = {isa = PBXFileReference; lastKnownFileType = sourcecode.c.h; path = IDPCreatureFemale.h; sourceTree = "<group>"; };
		10FF6F661EBC5DEB00C6E9A4 /* IDPCreatureFemale.m */ = {isa = PBXFileReference; lastKnownFileType = sourcecode.c.objc; path = IDPCreatureFemale.m; sourceTree = "<group>"; };
		10FF6F671EBC5DEB00C6E9A4 /* IDPCreatureMale.h */ = {isa = PBXFileReference; lastKnownFileType = sourcecode.c.h; path = IDPCreatureMale.h; sourceTree = "<group>"; };
		10FF6F681EBC5DEB00C6E9A4 /* IDPCreatureMale.m */ = {isa = PBXFileReference; lastKnownFileType = sourcecode.c.objc; path = IDPCreatureMale.m; sourceTree = "<group>"; };
		10FF6F6A1EBC5DEB00C6E9A4 /* NSString+IDPAlphabet.h */ = {isa = PBXFileReference; lastKnownFileType = sourcecode.c.h; path = "NSString+IDPAlphabet.h"; sourceTree = "<group>"; };
		10FF6F6B1EBC5DEB00C6E9A4 /* NSString+IDPAlphabet.m */ = {isa = PBXFileReference; lastKnownFileType = sourcecode.c.objc; path = "NSString+IDPAlphabet.m"; sourceTree = "<group>"; };
		10FF6F6C1EBC5DEB00C6E9A4 /* NSString+IDPRandomString.h */ = {isa = PBXFileReference; lastKnownFileType = sourcecode.c.h; path = "NSString+IDPRandomString.h"; sourceTree = "<group>"; };
		10FF6F6D1EBC5DEB00C6E9A4 /* NSString+IDPRandomString.m */ = {isa = PBXFileReference; lastKnownFileType = sourcecode.c.objc; path = "NSString+IDPRandomString.m"; sourceTree = "<group>"; };
		10FF6F841EBCBB5700C6E9A4 /* IDPMoneyProtocol.h */ = {isa = PBXFileReference; fileEncoding = 4; lastKnownFileType = sourcecode.c.h; path = IDPMoneyProtocol.h; sourceTree = "<group>"; };
		10FF6F851EBCBB6400C6E9A4 /* IDPTakeMoneyProtocol.h */ = {isa = PBXFileReference; fileEncoding = 4; lastKnownFileType = sourcecode.c.h; path = IDPTakeMoneyProtocol.h; sourceTree = "<group>"; };
/* End PBXFileReference section */

/* Begin PBXFrameworksBuildPhase section */
		10A54D7D1EB9C70D003F2BFD /* Frameworks */ = {
			isa = PBXFrameworksBuildPhase;
			buildActionMask = 2147483647;
			files = (
			);
			runOnlyForDeploymentPostprocessing = 0;
		};
/* End PBXFrameworksBuildPhase section */

/* Begin PBXGroup section */
		10A54D771EB9C70D003F2BFD = {
			isa = PBXGroup;
			children = (
				10A54D821EB9C70D003F2BFD /* TestObjC */,
				10A54D811EB9C70D003F2BFD /* Products */,
			);
			sourceTree = "<group>";
		};
		10A54D811EB9C70D003F2BFD /* Products */ = {
			isa = PBXGroup;
			children = (
				10A54D801EB9C70D003F2BFD /* TestObjC */,
			);
			name = Products;
			sourceTree = "<group>";
		};
		10A54D821EB9C70D003F2BFD /* TestObjC */ = {
			isa = PBXGroup;
			children = (
				10FF6F341EBC5DEB00C6E9A4 /* Source */,
				10A54D831EB9C70D003F2BFD /* main.m */,
			);
			path = TestObjC;
			sourceTree = "<group>";
		};
		10FF6F341EBC5DEB00C6E9A4 /* Source */ = {
			isa = PBXGroup;
			children = (
				10FF6F351EBC5DEB00C6E9A4 /* Carwash */,
				10FF6F581EBC5DEB00C6E9A4 /* Category */,
				10FF6F811EBCB5A200C6E9A4 /* Protocols */,
				10FF6F5B1EBC5DEB00C6E9A4 /* Creature */,
				10FF6F601EBC5DEB00C6E9A4 /* Creature2 */,
				10FF6F691EBC5DEB00C6E9A4 /* RandomString */,
			);
			path = Source;
			sourceTree = "<group>";
		};
		10FF6F351EBC5DEB00C6E9A4 /* Carwash */ = {
			isa = PBXGroup;
			children = (
				10FF6F361EBC5DEB00C6E9A4 /* Building */,
				10FF6F401EBC5DEB00C6E9A4 /* Car */,
				10FF6F441EBC5DEB00C6E9A4 /* Employee */,
				10FF6F511EBC5DEB00C6E9A4 /* Room */,
			);
			path = Carwash;
			sourceTree = "<group>";
		};
		10FF6F361EBC5DEB00C6E9A4 /* Building */ = {
			isa = PBXGroup;
			children = (
				10FF6F371EBC5DEB00C6E9A4 /* IDPAdministration */,
				10FF6F3A1EBC5DEB00C6E9A4 /* IDPBuilding */,
				10FF6F3D1EBC5DEB00C6E9A4 /* IDPCarwash */,
			);
			path = Building;
			sourceTree = "<group>";
		};
		10FF6F371EBC5DEB00C6E9A4 /* IDPAdministration */ = {
			isa = PBXGroup;
			children = (
				10FF6F381EBC5DEB00C6E9A4 /* IDPAdministration.h */,
				10FF6F391EBC5DEB00C6E9A4 /* IDPAdministration.m */,
			);
			path = IDPAdministration;
			sourceTree = "<group>";
		};
		10FF6F3A1EBC5DEB00C6E9A4 /* IDPBuilding */ = {
			isa = PBXGroup;
			children = (
				10FF6F3B1EBC5DEB00C6E9A4 /* IDPBuilding.h */,
				10FF6F3C1EBC5DEB00C6E9A4 /* IDPBuilding.m */,
			);
			path = IDPBuilding;
			sourceTree = "<group>";
		};
		10FF6F3D1EBC5DEB00C6E9A4 /* IDPCarwash */ = {
			isa = PBXGroup;
			children = (
				10FF6F3E1EBC5DEB00C6E9A4 /* IDPCarwash.h */,
				10FF6F3F1EBC5DEB00C6E9A4 /* IDPCarwash.m */,
			);
			path = IDPCarwash;
			sourceTree = "<group>";
		};
		10FF6F401EBC5DEB00C6E9A4 /* Car */ = {
			isa = PBXGroup;
			children = (
				10FF6F411EBC5DEB00C6E9A4 /* IDPCar */,
			);
			path = Car;
			sourceTree = "<group>";
		};
		10FF6F411EBC5DEB00C6E9A4 /* IDPCar */ = {
			isa = PBXGroup;
			children = (
				10FF6F421EBC5DEB00C6E9A4 /* IDPCar.h */,
				10FF6F431EBC5DEB00C6E9A4 /* IDPCar.m */,
			);
			path = IDPCar;
			sourceTree = "<group>";
		};
		10FF6F441EBC5DEB00C6E9A4 /* Employee */ = {
			isa = PBXGroup;
			children = (
				10FF6F451EBC5DEB00C6E9A4 /* IDPAccountant */,
				10FF6F481EBC5DEB00C6E9A4 /* IDPDirector */,
				10FF6F4B1EBC5DEB00C6E9A4 /* IDPEmployee */,
				10FF6F4E1EBC5DEB00C6E9A4 /* IDPWasher */,
			);
			path = Employee;
			sourceTree = "<group>";
		};
		10FF6F451EBC5DEB00C6E9A4 /* IDPAccountant */ = {
			isa = PBXGroup;
			children = (
				10FF6F461EBC5DEB00C6E9A4 /* IDPAccountant.h */,
				10FF6F471EBC5DEB00C6E9A4 /* IDPAccountant.m */,
			);
			path = IDPAccountant;
			sourceTree = "<group>";
		};
		10FF6F481EBC5DEB00C6E9A4 /* IDPDirector */ = {
			isa = PBXGroup;
			children = (
				10FF6F491EBC5DEB00C6E9A4 /* IDPDirector.h */,
				10FF6F4A1EBC5DEB00C6E9A4 /* IDPDirector.m */,
			);
			path = IDPDirector;
			sourceTree = "<group>";
		};
		10FF6F4B1EBC5DEB00C6E9A4 /* IDPEmployee */ = {
			isa = PBXGroup;
			children = (
				10FF6F4C1EBC5DEB00C6E9A4 /* IDPEmployee.h */,
				10FF6F4D1EBC5DEB00C6E9A4 /* IDPEmployee.m */,
			);
			path = IDPEmployee;
			sourceTree = "<group>";
		};
		10FF6F4E1EBC5DEB00C6E9A4 /* IDPWasher */ = {
			isa = PBXGroup;
			children = (
				10FF6F4F1EBC5DEB00C6E9A4 /* IDPWasher.h */,
				10FF6F501EBC5DEB00C6E9A4 /* IDPWasher.m */,
			);
			path = IDPWasher;
			sourceTree = "<group>";
		};
		10FF6F511EBC5DEB00C6E9A4 /* Room */ = {
			isa = PBXGroup;
			children = (
				10FF6F521EBC5DEB00C6E9A4 /* IDPCarwashRoom */,
				10FF6F551EBC5DEB00C6E9A4 /* IDPRoom */,
			);
			path = Room;
			sourceTree = "<group>";
		};
		10FF6F521EBC5DEB00C6E9A4 /* IDPCarwashRoom */ = {
			isa = PBXGroup;
			children = (
				10FF6F531EBC5DEB00C6E9A4 /* IDPCarwashRoom.h */,
				10FF6F541EBC5DEB00C6E9A4 /* IDPCarwashRoom.m */,
			);
			path = IDPCarwashRoom;
			sourceTree = "<group>";
		};
		10FF6F551EBC5DEB00C6E9A4 /* IDPRoom */ = {
			isa = PBXGroup;
			children = (
				10FF6F561EBC5DEB00C6E9A4 /* IDPRoom.h */,
				10FF6F571EBC5DEB00C6E9A4 /* IDPRoom.m */,
			);
			path = IDPRoom;
			sourceTree = "<group>";
		};
		10FF6F581EBC5DEB00C6E9A4 /* Category */ = {
			isa = PBXGroup;
			children = (
				10FF6F591EBC5DEB00C6E9A4 /* NSObject+IDPExtension.h */,
				10FF6F5A1EBC5DEB00C6E9A4 /* NSObject+IDPExtension.m */,
			);
			path = Category;
			sourceTree = "<group>";
		};
		10FF6F5B1EBC5DEB00C6E9A4 /* Creature */ = {
			isa = PBXGroup;
			children = (
				10FF6F5C1EBC5DEB00C6E9A4 /* IDPCreature.h */,
				10FF6F5D1EBC5DEB00C6E9A4 /* IDPCreature.m */,
				10FF6F5E1EBC5DEB00C6E9A4 /* IDPCreatureTest.h */,
				10FF6F5F1EBC5DEB00C6E9A4 /* IDPCreatureTest.m */,
			);
			path = Creature;
			sourceTree = "<group>";
		};
		10FF6F601EBC5DEB00C6E9A4 /* Creature2 */ = {
			isa = PBXGroup;
			children = (
				10FF6F611EBC5DEB00C6E9A4 /* IDPCreature2.h */,
				10FF6F621EBC5DEB00C6E9A4 /* IDPCreature2.m */,
				10FF6F631EBC5DEB00C6E9A4 /* IDPCreature2Test.h */,
				10FF6F641EBC5DEB00C6E9A4 /* IDPCreature2Test.m */,
				10FF6F651EBC5DEB00C6E9A4 /* IDPCreatureFemale.h */,
				10FF6F661EBC5DEB00C6E9A4 /* IDPCreatureFemale.m */,
				10FF6F671EBC5DEB00C6E9A4 /* IDPCreatureMale.h */,
				10FF6F681EBC5DEB00C6E9A4 /* IDPCreatureMale.m */,
			);
			path = Creature2;
			sourceTree = "<group>";
		};
		10FF6F691EBC5DEB00C6E9A4 /* RandomString */ = {
			isa = PBXGroup;
			children = (
				10FF6F6A1EBC5DEB00C6E9A4 /* NSString+IDPAlphabet.h */,
				10FF6F6B1EBC5DEB00C6E9A4 /* NSString+IDPAlphabet.m */,
				10FF6F6C1EBC5DEB00C6E9A4 /* NSString+IDPRandomString.h */,
				10FF6F6D1EBC5DEB00C6E9A4 /* NSString+IDPRandomString.m */,
			);
			path = RandomString;
			sourceTree = "<group>";
		};
		10FF6F811EBCB5A200C6E9A4 /* Protocols */ = {
			isa = PBXGroup;
			children = (
				10FF6F841EBCBB5700C6E9A4 /* IDPMoneyProtocol.h */,
				10FF6F851EBCBB6400C6E9A4 /* IDPTakeMoneyProtocol.h */,
			);
			path = Protocols;
			sourceTree = "<group>";
		};
/* End PBXGroup section */

/* Begin PBXNativeTarget section */
		10A54D7F1EB9C70D003F2BFD /* TestObjC */ = {
			isa = PBXNativeTarget;
			buildConfigurationList = 10A54D871EB9C70D003F2BFD /* Build configuration list for PBXNativeTarget "TestObjC" */;
			buildPhases = (
				10A54D7C1EB9C70D003F2BFD /* Sources */,
				10A54D7D1EB9C70D003F2BFD /* Frameworks */,
				10A54D7E1EB9C70D003F2BFD /* CopyFiles */,
			);
			buildRules = (
			);
			dependencies = (
			);
			name = TestObjC;
			productName = TestObjC;
			productReference = 10A54D801EB9C70D003F2BFD /* TestObjC */;
			productType = "com.apple.product-type.tool";
		};
/* End PBXNativeTarget section */

/* Begin PBXProject section */
		10A54D781EB9C70D003F2BFD /* Project object */ = {
			isa = PBXProject;
			attributes = {
				LastUpgradeCheck = 0820;
				ORGANIZATIONNAME = Genek;
				TargetAttributes = {
					10A54D7F1EB9C70D003F2BFD = {
						CreatedOnToolsVersion = 8.2.1;
						DevelopmentTeam = UPXX7Q685W;
						ProvisioningStyle = Automatic;
					};
				};
			};
			buildConfigurationList = 10A54D7B1EB9C70D003F2BFD /* Build configuration list for PBXProject "TestObjC" */;
			compatibilityVersion = "Xcode 3.2";
			developmentRegion = English;
			hasScannedForEncodings = 0;
			knownRegions = (
				en,
			);
			mainGroup = 10A54D771EB9C70D003F2BFD;
			productRefGroup = 10A54D811EB9C70D003F2BFD /* Products */;
			projectDirPath = "";
			projectRoot = "";
			targets = (
				10A54D7F1EB9C70D003F2BFD /* TestObjC */,
			);
		};
/* End PBXProject section */

/* Begin PBXSourcesBuildPhase section */
		10A54D7C1EB9C70D003F2BFD /* Sources */ = {
			isa = PBXSourcesBuildPhase;
			buildActionMask = 2147483647;
			files = (
				10FF6F7E1EBC5E5900C6E9A4 /* IDPCar.m in Sources */,
				10FF6F761EBC5E3A00C6E9A4 /* IDPCreature.m in Sources */,
				10FF6F7C1EBC5E5200C6E9A4 /* IDPDirector.m in Sources */,
				10FF6F7A1EBC5E4A00C6E9A4 /* IDPWasher.m in Sources */,
				10FF6F7D1EBC5E5400C6E9A4 /* IDPAccountant.m in Sources */,
				10A54D841EB9C70D003F2BFD /* main.m in Sources */,
				10FF6F7B1EBC5E4D00C6E9A4 /* IDPEmployee.m in Sources */,
				10FF6F801EBC5E5F00C6E9A4 /* IDPBuilding.m in Sources */,
				10FF6F731EBC5E2F00C6E9A4 /* IDPCreatureFemale.m in Sources */,
				10FF6F791EBC5E4600C6E9A4 /* IDPCarwashRoom.m in Sources */,
				10FF6F711EBC5E2A00C6E9A4 /* NSString+IDPAlphabet.m in Sources */,
				10FF6F751EBC5E3700C6E9A4 /* IDPCreatureTest.m in Sources */,
				10FF6F7F1EBC5E5D00C6E9A4 /* IDPCarwash.m in Sources */,
				10FF6F701EBC5E2700C6E9A4 /* NSString+IDPRandomString.m in Sources */,
				10FF6F721EBC5E2C00C6E9A4 /* IDPCreatureMale.m in Sources */,
				10FF6F771EBC5E3D00C6E9A4 /* NSObject+IDPExtension.m in Sources */,
				10FF6F6E1EBC5E0A00C6E9A4 /* IDPCreature2.m in Sources */,
				10FF6F6F1EBC5E1800C6E9A4 /* IDPAdministration.m in Sources */,
				10FF6F781EBC5E4300C6E9A4 /* IDPRoom.m in Sources */,
				10FF6F741EBC5E3100C6E9A4 /* IDPCreature2Test.m in Sources */,
			);
			runOnlyForDeploymentPostprocessing = 0;
		};
/* End PBXSourcesBuildPhase section */

/* Begin XCBuildConfiguration section */
		10A54D851EB9C70D003F2BFD /* Debug */ = {
			isa = XCBuildConfiguration;
			buildSettings = {
				ALWAYS_SEARCH_USER_PATHS = NO;
				CLANG_ANALYZER_NONNULL = YES;
				CLANG_CXX_LANGUAGE_STANDARD = "gnu++0x";
				CLANG_CXX_LIBRARY = "libc++";
				CLANG_ENABLE_MODULES = YES;
				CLANG_ENABLE_OBJC_ARC = YES;
				CLANG_WARN_BOOL_CONVERSION = YES;
				CLANG_WARN_CONSTANT_CONVERSION = YES;
				CLANG_WARN_DIRECT_OBJC_ISA_USAGE = YES_ERROR;
				CLANG_WARN_DOCUMENTATION_COMMENTS = YES;
				CLANG_WARN_EMPTY_BODY = YES;
				CLANG_WARN_ENUM_CONVERSION = YES;
				CLANG_WARN_INFINITE_RECURSION = YES;
				CLANG_WARN_INT_CONVERSION = YES;
				CLANG_WARN_OBJC_ROOT_CLASS = YES_ERROR;
				CLANG_WARN_SUSPICIOUS_MOVE = YES;
				CLANG_WARN_UNREACHABLE_CODE = YES;
				CLANG_WARN__DUPLICATE_METHOD_MATCH = YES;
				CODE_SIGN_IDENTITY = "-";
				COPY_PHASE_STRIP = NO;
				DEBUG_INFORMATION_FORMAT = dwarf;
				ENABLE_STRICT_OBJC_MSGSEND = YES;
				ENABLE_TESTABILITY = YES;
				GCC_C_LANGUAGE_STANDARD = gnu99;
				GCC_DYNAMIC_NO_PIC = NO;
				GCC_NO_COMMON_BLOCKS = YES;
				GCC_OPTIMIZATION_LEVEL = 0;
				GCC_PREPROCESSOR_DEFINITIONS = (
					"DEBUG=1",
					"$(inherited)",
				);
				GCC_WARN_64_TO_32_BIT_CONVERSION = YES;
				GCC_WARN_ABOUT_RETURN_TYPE = YES_ERROR;
				GCC_WARN_UNDECLARED_SELECTOR = YES;
				GCC_WARN_UNINITIALIZED_AUTOS = YES_AGGRESSIVE;
				GCC_WARN_UNUSED_FUNCTION = YES;
				GCC_WARN_UNUSED_VARIABLE = YES;
				MACOSX_DEPLOYMENT_TARGET = 10.12;
				MTL_ENABLE_DEBUG_INFO = YES;
				ONLY_ACTIVE_ARCH = YES;
				SDKROOT = macosx;
			};
			name = Debug;
		};
		10A54D861EB9C70D003F2BFD /* Release */ = {
			isa = XCBuildConfiguration;
			buildSettings = {
				ALWAYS_SEARCH_USER_PATHS = NO;
				CLANG_ANALYZER_NONNULL = YES;
				CLANG_CXX_LANGUAGE_STANDARD = "gnu++0x";
				CLANG_CXX_LIBRARY = "libc++";
				CLANG_ENABLE_MODULES = YES;
				CLANG_ENABLE_OBJC_ARC = YES;
				CLANG_WARN_BOOL_CONVERSION = YES;
				CLANG_WARN_CONSTANT_CONVERSION = YES;
				CLANG_WARN_DIRECT_OBJC_ISA_USAGE = YES_ERROR;
				CLANG_WARN_DOCUMENTATION_COMMENTS = YES;
				CLANG_WARN_EMPTY_BODY = YES;
				CLANG_WARN_ENUM_CONVERSION = YES;
				CLANG_WARN_INFINITE_RECURSION = YES;
				CLANG_WARN_INT_CONVERSION = YES;
				CLANG_WARN_OBJC_ROOT_CLASS = YES_ERROR;
				CLANG_WARN_SUSPICIOUS_MOVE = YES;
				CLANG_WARN_UNREACHABLE_CODE = YES;
				CLANG_WARN__DUPLICATE_METHOD_MATCH = YES;
				CODE_SIGN_IDENTITY = "-";
				COPY_PHASE_STRIP = NO;
				DEBUG_INFORMATION_FORMAT = "dwarf-with-dsym";
				ENABLE_NS_ASSERTIONS = NO;
				ENABLE_STRICT_OBJC_MSGSEND = YES;
				GCC_C_LANGUAGE_STANDARD = gnu99;
				GCC_NO_COMMON_BLOCKS = YES;
				GCC_WARN_64_TO_32_BIT_CONVERSION = YES;
				GCC_WARN_ABOUT_RETURN_TYPE = YES_ERROR;
				GCC_WARN_UNDECLARED_SELECTOR = YES;
				GCC_WARN_UNINITIALIZED_AUTOS = YES_AGGRESSIVE;
				GCC_WARN_UNUSED_FUNCTION = YES;
				GCC_WARN_UNUSED_VARIABLE = YES;
				MACOSX_DEPLOYMENT_TARGET = 10.12;
				MTL_ENABLE_DEBUG_INFO = NO;
				SDKROOT = macosx;
			};
			name = Release;
		};
		10A54D881EB9C70D003F2BFD /* Debug */ = {
			isa = XCBuildConfiguration;
			buildSettings = {
				CLANG_ENABLE_OBJC_ARC = NO;
				DEVELOPMENT_TEAM = UPXX7Q685W;
				PRODUCT_NAME = "$(TARGET_NAME)";
			};
			name = Debug;
		};
		10A54D891EB9C70D003F2BFD /* Release */ = {
			isa = XCBuildConfiguration;
			buildSettings = {
				CLANG_ENABLE_OBJC_ARC = NO;
				DEVELOPMENT_TEAM = UPXX7Q685W;
				PRODUCT_NAME = "$(TARGET_NAME)";
			};
			name = Release;
		};
/* End XCBuildConfiguration section */

/* Begin XCConfigurationList section */
		10A54D7B1EB9C70D003F2BFD /* Build configuration list for PBXProject "TestObjC" */ = {
			isa = XCConfigurationList;
			buildConfigurations = (
				10A54D851EB9C70D003F2BFD /* Debug */,
				10A54D861EB9C70D003F2BFD /* Release */,
			);
			defaultConfigurationIsVisible = 0;
			defaultConfigurationName = Release;
		};
		10A54D871EB9C70D003F2BFD /* Build configuration list for PBXNativeTarget "TestObjC" */ = {
			isa = XCConfigurationList;
			buildConfigurations = (
				10A54D881EB9C70D003F2BFD /* Debug */,
				10A54D891EB9C70D003F2BFD /* Release */,
			);
			defaultConfigurationIsVisible = 0;
			defaultConfigurationName = Release;
		};
/* End XCConfigurationList section */
	};
	rootObject = 10A54D781EB9C70D003F2BFD /* Project object */;
}
